
Microsoft Visual Studio Solution File, Format Version 12.00
# Visual Studio Version 17
VisualStudioVersion = 17.0.31903.59
MinimumVisualStudioVersion = 10.0.40219.1
Project("{8BC9CEB8-8B4A-11D0-8D11-00A0C91BC942}") = "OpenFRE", "OpenFRE\OpenFRE.vcxproj", "{01E58846-B54C-4EE4-8B1E-4F3618E09BF8}"
EndProject
Global
	GlobalSection(SolutionConfigurationPlatforms) = preSolution
		Debug|x64 = Debug|x64
		Debug|x86 = Debug|x86
		Release|x64 = Release|x64
		Release|x86 = Release|x86
	EndGlobalSection
	GlobalSection(ProjectConfigurationPlatforms) = postSolution
		{01E58846-B54C-4EE4-8B1E-4F3618E09BF8}.Debug|x64.ActiveCfg = Debug|x64
		{01E58846-B54C-4EE4-8B1E-4F3618E09BF8}.Debug|x64.Build.0 = Debug|x64
		{01E58846-B54C-4EE4-8B1E-4F3618E09BF8}.Debug|x86.ActiveCfg = Debug|Win32
		{01E58846-B54C-4EE4-8B1E-4F3618E09BF8}.Debug|x86.Build.0 = Debug|Win32
		{01E58846-B54C-4EE4-8B1E-4F3618E09BF8}.Release|x64.ActiveCfg = Release|x64
		{01E58846-B54C-4EE4-8B1E-4F3618E09BF8}.Release|x64.Build.0 = Release|x64
		{01E58846-B54C-4EE4-8B1E-4F3618E09BF8}.Release|x86.ActiveCfg = Release|Win32
		{01E58846-B54C-4EE4-8B1E-4F3618E09BF8}.Release|x86.Build.0 = Release|Win32
	EndGlobalSection
	GlobalSection(SolutionProperties) = preSolution
		HideSolutionNode = FALSE
	EndGlobalSection
	GlobalSection(ExtensibilityGlobals) = postSolution
		SolutionGuid = {C9FFC8D2-9BC4-4192-AA6D-799E2CE7728C}
	EndGlobalSection
EndGlobal
